
Microsoft Visual Studio Solution File, Format Version 12.00
# Visual Studio Version 17
VisualStudioVersion = 17.2.32602.215
MinimumVisualStudioVersion = 10.0.40219.1
Project("{FAE04EC0-301F-11D3-BF4B-00C04F79EFBC}") = "FunctionDynamic", "FunctionDynamic\FunctionDynamic.csproj", "{64872EEC-DF1E-4FDD-93B5-FB95D33A98F4}"
EndProject
Project("{FAE04EC0-301F-11D3-BF4B-00C04F79EFBC}") = "FunctionDynamic.Models", "FunctionDynamic.Models\FunctionDynamic.Models.csproj", "{A2F8122A-7168-4A95-9540-B64A8344C4EA}"
EndProject
Project("{FAE04EC0-301F-11D3-BF4B-00C04F79EFBC}") = "FunctionDynamic.Services", "FunctionDynamic.Services\FunctionDynamic.Services.csproj", "{3CEBEDC2-A306-429F-ACCD-E97E4DB29247}"
EndProject
Global
	GlobalSection(SolutionConfigurationPlatforms) = preSolution
		Debug|Any CPU = Debug|Any CPU
		Release|Any CPU = Release|Any CPU
	EndGlobalSection
	GlobalSection(ProjectConfigurationPlatforms) = postSolution
		{64872EEC-DF1E-4FDD-93B5-FB95D33A98F4}.Debug|Any CPU.ActiveCfg = Debug|Any CPU
		{64872EEC-DF1E-4FDD-93B5-FB95D33A98F4}.Debug|Any CPU.Build.0 = Debug|Any CPU
		{64872EEC-DF1E-4FDD-93B5-FB95D33A98F4}.Release|Any CPU.ActiveCfg = Release|Any CPU
		{64872EEC-DF1E-4FDD-93B5-FB95D33A98F4}.Release|Any CPU.Build.0 = Release|Any CPU
		{A2F8122A-7168-4A95-9540-B64A8344C4EA}.Debug|Any CPU.ActiveCfg = Debug|Any CPU
		{A2F8122A-7168-4A95-9540-B64A8344C4EA}.Debug|Any CPU.Build.0 = Debug|Any CPU
		{A2F8122A-7168-4A95-9540-B64A8344C4EA}.Release|Any CPU.ActiveCfg = Release|Any CPU
		{A2F8122A-7168-4A95-9540-B64A8344C4EA}.Release|Any CPU.Build.0 = Release|Any CPU
		{3CEBEDC2-A306-429F-ACCD-E97E4DB29247}.Debug|Any CPU.ActiveCfg = Debug|Any CPU
		{3CEBEDC2-A306-429F-ACCD-E97E4DB29247}.Debug|Any CPU.Build.0 = Debug|Any CPU
		{3CEBEDC2-A306-429F-ACCD-E97E4DB29247}.Release|Any CPU.ActiveCfg = Release|Any CPU
		{3CEBEDC2-A306-429F-ACCD-E97E4DB29247}.Release|Any CPU.Build.0 = Release|Any CPU
	EndGlobalSection
	GlobalSection(SolutionProperties) = preSolution
		HideSolutionNode = FALSE
	EndGlobalSection
	GlobalSection(ExtensibilityGlobals) = postSolution
		SolutionGuid = {38C37CA5-25D3-4191-84F3-7AE0D2585957}
	EndGlobalSection
EndGlobal
