
Microsoft Visual Studio Solution File, Format Version 12.00
# Visual Studio Version 17
VisualStudioVersion = 17.2.32630.192
MinimumVisualStudioVersion = 10.0.40219.1
Project("{FAE04EC0-301F-11D3-BF4B-00C04F79EFBC}") = "DotNetCoreIsolated", "DotNetCoreIsolated\DotNetCoreIsolated.csproj", "{A0732550-D87D-4908-BF27-8A589AB335D1}"
EndProject
Project("{FAE04EC0-301F-11D3-BF4B-00C04F79EFBC}") = "DotNetCoreIsolated.Services", "DotNetCoreIsolated.Services\DotNetCoreIsolated.Services.csproj", "{EC4EE7D4-74D8-4986-AAFC-E01C498DB598}"
EndProject
Global
	GlobalSection(SolutionConfigurationPlatforms) = preSolution
		Debug|Any CPU = Debug|Any CPU
		Release|Any CPU = Release|Any CPU
	EndGlobalSection
	GlobalSection(ProjectConfigurationPlatforms) = postSolution
		{A0732550-D87D-4908-BF27-8A589AB335D1}.Debug|Any CPU.ActiveCfg = Debug|Any CPU
		{A0732550-D87D-4908-BF27-8A589AB335D1}.Debug|Any CPU.Build.0 = Debug|Any CPU
		{A0732550-D87D-4908-BF27-8A589AB335D1}.Release|Any CPU.ActiveCfg = Release|Any CPU
		{A0732550-D87D-4908-BF27-8A589AB335D1}.Release|Any CPU.Build.0 = Release|Any CPU
		{EC4EE7D4-74D8-4986-AAFC-E01C498DB598}.Debug|Any CPU.ActiveCfg = Debug|Any CPU
		{EC4EE7D4-74D8-4986-AAFC-E01C498DB598}.Debug|Any CPU.Build.0 = Debug|Any CPU
		{EC4EE7D4-74D8-4986-AAFC-E01C498DB598}.Release|Any CPU.ActiveCfg = Release|Any CPU
		{EC4EE7D4-74D8-4986-AAFC-E01C498DB598}.Release|Any CPU.Build.0 = Release|Any CPU
	EndGlobalSection
	GlobalSection(SolutionProperties) = preSolution
		HideSolutionNode = FALSE
	EndGlobalSection
	GlobalSection(ExtensibilityGlobals) = postSolution
		SolutionGuid = {19C86CE4-30A8-406F-9E6C-7DEF5A564DCC}
	EndGlobalSection
EndGlobal
