
Microsoft Visual Studio Solution File, Format Version 12.00
# Visual Studio Version 17
VisualStudioVersion = 17.2.32630.192
MinimumVisualStudioVersion = 10.0.40219.1
Project("{9A19103F-16F7-4668-BE54-9A1E7A4F7556}") = "InProcessHttpTriggerExample", "InProcessHttpTriggerExample\InProcessHttpTriggerExample.csproj", "{D266A12C-052F-4266-A1DF-384369B2318E}"
EndProject
Project("{FAE04EC0-301F-11D3-BF4B-00C04F79EFBC}") = "HttpTriggerExample.Services", "HttpTriggerExample.Services\HttpTriggerExample.Services.csproj", "{16F09DF0-4584-43D6-A212-9B9A1513DA47}"
EndProject
Global
	GlobalSection(SolutionConfigurationPlatforms) = preSolution
		Debug|Any CPU = Debug|Any CPU
		Release|Any CPU = Release|Any CPU
	EndGlobalSection
	GlobalSection(ProjectConfigurationPlatforms) = postSolution
		{D266A12C-052F-4266-A1DF-384369B2318E}.Debug|Any CPU.ActiveCfg = Debug|Any CPU
		{D266A12C-052F-4266-A1DF-384369B2318E}.Debug|Any CPU.Build.0 = Debug|Any CPU
		{D266A12C-052F-4266-A1DF-384369B2318E}.Release|Any CPU.ActiveCfg = Release|Any CPU
		{D266A12C-052F-4266-A1DF-384369B2318E}.Release|Any CPU.Build.0 = Release|Any CPU
		{16F09DF0-4584-43D6-A212-9B9A1513DA47}.Debug|Any CPU.ActiveCfg = Debug|Any CPU
		{16F09DF0-4584-43D6-A212-9B9A1513DA47}.Debug|Any CPU.Build.0 = Debug|Any CPU
		{16F09DF0-4584-43D6-A212-9B9A1513DA47}.Release|Any CPU.ActiveCfg = Release|Any CPU
		{16F09DF0-4584-43D6-A212-9B9A1513DA47}.Release|Any CPU.Build.0 = Release|Any CPU
	EndGlobalSection
	GlobalSection(SolutionProperties) = preSolution
		HideSolutionNode = FALSE
	EndGlobalSection
	GlobalSection(ExtensibilityGlobals) = postSolution
		SolutionGuid = {567BCCB5-AC23-47DE-93AC-E276C6C62DC7}
	EndGlobalSection
EndGlobal
