
Microsoft Visual Studio Solution File, Format Version 12.00
# Visual Studio Version 17
VisualStudioVersion = 17.2.32630.192
MinimumVisualStudioVersion = 10.0.40219.1
Project("{9A19103F-16F7-4668-BE54-9A1E7A4F7556}") = "DotNetCoreNotIsolated", "DotNetCoreNotIsolated\DotNetCoreNotIsolated.csproj", "{D266A12C-052F-4266-A1DF-384369B2318E}"
EndProject
Project("{9A19103F-16F7-4668-BE54-9A1E7A4F7556}") = "DotNetCoreNotIsolated.Services", "DotNetCoreNotIsolated.Services\DotNetCoreNotIsolated.Services.csproj", "{52BF6BAE-9EEC-4CB2-9585-A77712074FF5}"
EndProject
Global
	GlobalSection(SolutionConfigurationPlatforms) = preSolution
		Debug|Any CPU = Debug|Any CPU
		Release|Any CPU = Release|Any CPU
	EndGlobalSection
	GlobalSection(ProjectConfigurationPlatforms) = postSolution
		{D266A12C-052F-4266-A1DF-384369B2318E}.Debug|Any CPU.ActiveCfg = Debug|Any CPU
		{D266A12C-052F-4266-A1DF-384369B2318E}.Debug|Any CPU.Build.0 = Debug|Any CPU
		{D266A12C-052F-4266-A1DF-384369B2318E}.Release|Any CPU.ActiveCfg = Release|Any CPU
		{D266A12C-052F-4266-A1DF-384369B2318E}.Release|Any CPU.Build.0 = Release|Any CPU
		{52BF6BAE-9EEC-4CB2-9585-A77712074FF5}.Debug|Any CPU.ActiveCfg = Debug|Any CPU
		{52BF6BAE-9EEC-4CB2-9585-A77712074FF5}.Debug|Any CPU.Build.0 = Debug|Any CPU
		{52BF6BAE-9EEC-4CB2-9585-A77712074FF5}.Release|Any CPU.ActiveCfg = Release|Any CPU
		{52BF6BAE-9EEC-4CB2-9585-A77712074FF5}.Release|Any CPU.Build.0 = Release|Any CPU
	EndGlobalSection
	GlobalSection(SolutionProperties) = preSolution
		HideSolutionNode = FALSE
	EndGlobalSection
	GlobalSection(ExtensibilityGlobals) = postSolution
		SolutionGuid = {567BCCB5-AC23-47DE-93AC-E276C6C62DC7}
	EndGlobalSection
EndGlobal
