
Microsoft Visual Studio Solution File, Format Version 12.00
# Visual Studio Version 17
VisualStudioVersion = 17.2.32630.192
MinimumVisualStudioVersion = 10.0.40219.1
Project("{9A19103F-16F7-4668-BE54-9A1E7A4F7556}") = "IsolatedHttpTriggerExample", "IsolatedHttpTriggerExample\IsolatedHttpTriggerExample.csproj", "{A0732550-D87D-4908-BF27-8A589AB335D1}"
EndProject
Project("{9A19103F-16F7-4668-BE54-9A1E7A4F7556}") = "HttpTriggerExample.Services", "HttpTriggerExample.Services\HttpTriggerExample.Services.csproj", "{28DF006B-3164-4E8C-B00A-E4BB04CC3D5F}"
EndProject
Global
	GlobalSection(SolutionConfigurationPlatforms) = preSolution
		Debug|Any CPU = Debug|Any CPU
		Release|Any CPU = Release|Any CPU
	EndGlobalSection
	GlobalSection(ProjectConfigurationPlatforms) = postSolution
		{A0732550-D87D-4908-BF27-8A589AB335D1}.Debug|Any CPU.ActiveCfg = Debug|Any CPU
		{A0732550-D87D-4908-BF27-8A589AB335D1}.Debug|Any CPU.Build.0 = Debug|Any CPU
		{A0732550-D87D-4908-BF27-8A589AB335D1}.Release|Any CPU.ActiveCfg = Release|Any CPU
		{A0732550-D87D-4908-BF27-8A589AB335D1}.Release|Any CPU.Build.0 = Release|Any CPU
		{28DF006B-3164-4E8C-B00A-E4BB04CC3D5F}.Debug|Any CPU.ActiveCfg = Debug|Any CPU
		{28DF006B-3164-4E8C-B00A-E4BB04CC3D5F}.Debug|Any CPU.Build.0 = Debug|Any CPU
		{28DF006B-3164-4E8C-B00A-E4BB04CC3D5F}.Release|Any CPU.ActiveCfg = Release|Any CPU
		{28DF006B-3164-4E8C-B00A-E4BB04CC3D5F}.Release|Any CPU.Build.0 = Release|Any CPU
	EndGlobalSection
	GlobalSection(SolutionProperties) = preSolution
		HideSolutionNode = FALSE
	EndGlobalSection
	GlobalSection(ExtensibilityGlobals) = postSolution
		SolutionGuid = {19C86CE4-30A8-406F-9E6C-7DEF5A564DCC}
	EndGlobalSection
EndGlobal
