
Microsoft Visual Studio Solution File, Format Version 12.00
# Visual Studio Version 17
VisualStudioVersion = 17.3.32804.467
MinimumVisualStudioVersion = 10.0.40219.1
Project("{9A19103F-16F7-4668-BE54-9A1E7A4F7556}") = "IsolatedQueueExample", "IsolatedQueueExample\IsolatedQueueExample.csproj", "{1A612BF4-F72C-44CC-9A34-5AFE25E9D348}"
EndProject
Project("{9A19103F-16F7-4668-BE54-9A1E7A4F7556}") = "QueueExample.Model", "QueueExample.Model\QueueExample.Model.csproj", "{5A5FCC6C-1FB4-44C8-AE40-F43DE843F567}"
EndProject
Project("{9A19103F-16F7-4668-BE54-9A1E7A4F7556}") = "QueueExample.Services", "QueueExample.Services\QueueExample.Services.csproj", "{0890649C-6740-406C-9C15-33760F2BC65E}"
EndProject
Global
	GlobalSection(SolutionConfigurationPlatforms) = preSolution
		Debug|Any CPU = Debug|Any CPU
		Release|Any CPU = Release|Any CPU
	EndGlobalSection
	GlobalSection(ProjectConfigurationPlatforms) = postSolution
		{1A612BF4-F72C-44CC-9A34-5AFE25E9D348}.Debug|Any CPU.ActiveCfg = Debug|Any CPU
		{1A612BF4-F72C-44CC-9A34-5AFE25E9D348}.Debug|Any CPU.Build.0 = Debug|Any CPU
		{1A612BF4-F72C-44CC-9A34-5AFE25E9D348}.Release|Any CPU.ActiveCfg = Release|Any CPU
		{1A612BF4-F72C-44CC-9A34-5AFE25E9D348}.Release|Any CPU.Build.0 = Release|Any CPU
		{5A5FCC6C-1FB4-44C8-AE40-F43DE843F567}.Debug|Any CPU.ActiveCfg = Debug|Any CPU
		{5A5FCC6C-1FB4-44C8-AE40-F43DE843F567}.Debug|Any CPU.Build.0 = Debug|Any CPU
		{5A5FCC6C-1FB4-44C8-AE40-F43DE843F567}.Release|Any CPU.ActiveCfg = Release|Any CPU
		{5A5FCC6C-1FB4-44C8-AE40-F43DE843F567}.Release|Any CPU.Build.0 = Release|Any CPU
		{0890649C-6740-406C-9C15-33760F2BC65E}.Debug|Any CPU.ActiveCfg = Debug|Any CPU
		{0890649C-6740-406C-9C15-33760F2BC65E}.Debug|Any CPU.Build.0 = Debug|Any CPU
		{0890649C-6740-406C-9C15-33760F2BC65E}.Release|Any CPU.ActiveCfg = Release|Any CPU
		{0890649C-6740-406C-9C15-33760F2BC65E}.Release|Any CPU.Build.0 = Release|Any CPU
	EndGlobalSection
	GlobalSection(SolutionProperties) = preSolution
		HideSolutionNode = FALSE
	EndGlobalSection
	GlobalSection(ExtensibilityGlobals) = postSolution
		SolutionGuid = {7CE1EC46-EA00-411E-9FAC-A969CCB4F7CD}
	EndGlobalSection
EndGlobal
