
Microsoft Visual Studio Solution File, Format Version 12.00
# Visual Studio Version 17
VisualStudioVersion = 17.3.32804.467
MinimumVisualStudioVersion = 10.0.40219.1
Project("{9A19103F-16F7-4668-BE54-9A1E7A4F7556}") = "InProcessHubExample", "InProcessHubExample\InProcessHubExample.csproj", "{72B796B2-D9CA-42CC-A39C-B4E31C2B34C8}"
EndProject
Project("{9A19103F-16F7-4668-BE54-9A1E7A4F7556}") = "HubExample.Model", "HubExample.Model\HubExample.Model.csproj", "{958CBB84-DD84-45BE-AD81-58B1A697CEFF}"
EndProject
Project("{2150E333-8FDC-42A3-9474-1A3956D46DE8}") = "Solution Items", "Solution Items", "{4F0AF996-E0A9-435A-82A2-C820F92A7C47}"
	ProjectSection(SolutionItems) = preProject
		ReadMe.md = ReadMe.md
	EndProjectSection
EndProject
Project("{9A19103F-16F7-4668-BE54-9A1E7A4F7556}") = "HubExample.Services", "HubExample.Services\HubExample.Services.csproj", "{F266A74F-12E1-460D-9EFF-10373DDDF02B}"
EndProject
Global
	GlobalSection(SolutionConfigurationPlatforms) = preSolution
		Debug|Any CPU = Debug|Any CPU
		Release|Any CPU = Release|Any CPU
	EndGlobalSection
	GlobalSection(ProjectConfigurationPlatforms) = postSolution
		{72B796B2-D9CA-42CC-A39C-B4E31C2B34C8}.Debug|Any CPU.ActiveCfg = Debug|Any CPU
		{72B796B2-D9CA-42CC-A39C-B4E31C2B34C8}.Debug|Any CPU.Build.0 = Debug|Any CPU
		{72B796B2-D9CA-42CC-A39C-B4E31C2B34C8}.Release|Any CPU.ActiveCfg = Release|Any CPU
		{72B796B2-D9CA-42CC-A39C-B4E31C2B34C8}.Release|Any CPU.Build.0 = Release|Any CPU
		{958CBB84-DD84-45BE-AD81-58B1A697CEFF}.Debug|Any CPU.ActiveCfg = Debug|Any CPU
		{958CBB84-DD84-45BE-AD81-58B1A697CEFF}.Debug|Any CPU.Build.0 = Debug|Any CPU
		{958CBB84-DD84-45BE-AD81-58B1A697CEFF}.Release|Any CPU.ActiveCfg = Release|Any CPU
		{958CBB84-DD84-45BE-AD81-58B1A697CEFF}.Release|Any CPU.Build.0 = Release|Any CPU
		{F266A74F-12E1-460D-9EFF-10373DDDF02B}.Debug|Any CPU.ActiveCfg = Debug|Any CPU
		{F266A74F-12E1-460D-9EFF-10373DDDF02B}.Debug|Any CPU.Build.0 = Debug|Any CPU
		{F266A74F-12E1-460D-9EFF-10373DDDF02B}.Release|Any CPU.ActiveCfg = Release|Any CPU
		{F266A74F-12E1-460D-9EFF-10373DDDF02B}.Release|Any CPU.Build.0 = Release|Any CPU
	EndGlobalSection
	GlobalSection(SolutionProperties) = preSolution
		HideSolutionNode = FALSE
	EndGlobalSection
	GlobalSection(ExtensibilityGlobals) = postSolution
		SolutionGuid = {B73A707D-F361-4712-BC52-D9BCB5A74A24}
	EndGlobalSection
EndGlobal
